
Microsoft Visual Studio Solution File, Format Version 12.00
# Visual Studio 15
VisualStudioVersion = 15.0.26730.8
MinimumVisualStudioVersion = 10.0.40219.1
Project("{FAE04EC0-301F-11D3-BF4B-00C04F79EFBC}") = "Contoso1", "Contoso1\Contoso1.csproj", "{1BEA78D3-9C5E-403D-9289-B8C6057D2DC5}"
EndProject
Project("{FAE04EC0-301F-11D3-BF4B-00C04F79EFBC}") = "Contoso1.Tests", "Contoso1.Tests\Contoso1.Tests.csproj", "{E8E811B1-D1BC-404F-B1B0-EB9209A8CB30}"
EndProject
Global
	GlobalSection(SolutionConfigurationPlatforms) = preSolution
		Debug|Any CPU = Debug|Any CPU
		Release|Any CPU = Release|Any CPU
	EndGlobalSection
	GlobalSection(ProjectConfigurationPlatforms) = postSolution
		{1BEA78D3-9C5E-403D-9289-B8C6057D2DC5}.Debug|Any CPU.ActiveCfg = Debug|Any CPU
		{1BEA78D3-9C5E-403D-9289-B8C6057D2DC5}.Debug|Any CPU.Build.0 = Debug|Any CPU
		{1BEA78D3-9C5E-403D-9289-B8C6057D2DC5}.Release|Any CPU.ActiveCfg = Release|Any CPU
		{1BEA78D3-9C5E-403D-9289-B8C6057D2DC5}.Release|Any CPU.Build.0 = Release|Any CPU
		{E8E811B1-D1BC-404F-B1B0-EB9209A8CB30}.Debug|Any CPU.ActiveCfg = Debug|Any CPU
		{E8E811B1-D1BC-404F-B1B0-EB9209A8CB30}.Debug|Any CPU.Build.0 = Debug|Any CPU
		{E8E811B1-D1BC-404F-B1B0-EB9209A8CB30}.Release|Any CPU.ActiveCfg = Release|Any CPU
		{E8E811B1-D1BC-404F-B1B0-EB9209A8CB30}.Release|Any CPU.Build.0 = Release|Any CPU
	EndGlobalSection
	GlobalSection(SolutionProperties) = preSolution
		HideSolutionNode = FALSE
	EndGlobalSection
	GlobalSection(ExtensibilityGlobals) = postSolution
		SolutionGuid = {78B52A95-87FB-4B07-98DC-C444843A97B5}
	EndGlobalSection
EndGlobal
